// !$*UTF8*$!
{
	archiveVersion = 1;
	classes = {
	};
	objectVersion = 77;
	objects = {

/* Begin PBXBuildFile section */
		8E5865992D48F50B003EBFF1 /* Assets.xcassets in Resources */ = {isa = PBXBuildFile; fileRef = 8E5865902D48F50B003EBFF1 /* Assets.xcassets */; };
		8E58659B2D48F50B003EBFF1 /* LaunchScreen.storyboard in Resources */ = {isa = PBXBuildFile; fileRef = 8E5865932D48F50B003EBFF1 /* LaunchScreen.storyboard */; };
		8E58659C2D48F50B003EBFF1 /* Main.storyboard in Resources */ = {isa = PBXBuildFile; fileRef = 8E5865952D48F50B003EBFF1 /* Main.storyboard */; };
		8E58659D2D48F50B003EBFF1 /* AppDelegate.swift in Sources */ = {isa = PBXBuildFile; fileRef = 8E58658F2D48F50B003EBFF1 /* AppDelegate.swift */; };
		8E58659E2D48F50B003EBFF1 /* SceneDelegate.swift in Sources */ = {isa = PBXBuildFile; fileRef = 8E5865962D48F50B003EBFF1 /* SceneDelegate.swift */; };
		8E5865AE2D48F65C003EBFF1 /* AuthorizationView.swift in Sources */ = {isa = PBXBuildFile; fileRef = 8E5865AD2D48F65C003EBFF1 /* AuthorizationView.swift */; };
		8E5865B02D48F6AC003EBFF1 /* AuthorizationViewPresenter.swift in Sources */ = {isa = PBXBuildFile; fileRef = 8E5865AF2D48F6AC003EBFF1 /* AuthorizationViewPresenter.swift */; };
		8E5865B32D48F76F003EBFF1 /* Builder.swift in Sources */ = {isa = PBXBuildFile; fileRef = 8E5865B22D48F76F003EBFF1 /* Builder.swift */; };
/* End PBXBuildFile section */

/* Begin PBXFileReference section */
		8E5865762D48F418003EBFF1 /* SecretMessanger.app */ = {isa = PBXFileReference; explicitFileType = wrapper.application; includeInIndex = 0; path = SecretMessanger.app; sourceTree = BUILT_PRODUCTS_DIR; };
		8E58658F2D48F50B003EBFF1 /* AppDelegate.swift */ = {isa = PBXFileReference; lastKnownFileType = sourcecode.swift; path = AppDelegate.swift; sourceTree = "<group>"; };
		8E5865902D48F50B003EBFF1 /* Assets.xcassets */ = {isa = PBXFileReference; lastKnownFileType = folder.assetcatalog; path = Assets.xcassets; sourceTree = "<group>"; };
		8E5865912D48F50B003EBFF1 /* Info.plist */ = {isa = PBXFileReference; lastKnownFileType = text.plist.xml; path = Info.plist; sourceTree = "<group>"; };
		8E5865922D48F50B003EBFF1 /* Base */ = {isa = PBXFileReference; lastKnownFileType = file.storyboard; name = Base; path = Base.lproj/LaunchScreen.storyboard; sourceTree = "<group>"; };
		8E5865942D48F50B003EBFF1 /* Base */ = {isa = PBXFileReference; lastKnownFileType = file.storyboard; name = Base; path = Base.lproj/Main.storyboard; sourceTree = "<group>"; };
		8E5865962D48F50B003EBFF1 /* SceneDelegate.swift */ = {isa = PBXFileReference; lastKnownFileType = sourcecode.swift; path = SceneDelegate.swift; sourceTree = "<group>"; };
		8E5865AD2D48F65C003EBFF1 /* AuthorizationView.swift */ = {isa = PBXFileReference; lastKnownFileType = sourcecode.swift; path = AuthorizationView.swift; sourceTree = "<group>"; };
		8E5865AF2D48F6AC003EBFF1 /* AuthorizationViewPresenter.swift */ = {isa = PBXFileReference; lastKnownFileType = sourcecode.swift; path = AuthorizationViewPresenter.swift; sourceTree = "<group>"; };
		8E5865B22D48F76F003EBFF1 /* Builder.swift */ = {isa = PBXFileReference; lastKnownFileType = sourcecode.swift; path = Builder.swift; sourceTree = "<group>"; };
/* End PBXFileReference section */

/* Begin PBXFrameworksBuildPhase section */
		8E5865732D48F418003EBFF1 /* Frameworks */ = {
			isa = PBXFrameworksBuildPhase;
			buildActionMask = 2147483647;
			files = (
			);
			runOnlyForDeploymentPostprocessing = 0;
		};
/* End PBXFrameworksBuildPhase section */

/* Begin PBXGroup section */
		8E58656D2D48F418003EBFF1 = {
			isa = PBXGroup;
			children = (
				8E5865982D48F50B003EBFF1 /* SecretMessanger */,
				8E5865772D48F418003EBFF1 /* Products */,
			);
			sourceTree = "<group>";
		};
		8E5865772D48F418003EBFF1 /* Products */ = {
			isa = PBXGroup;
			children = (
				8E5865762D48F418003EBFF1 /* SecretMessanger.app */,
			);
			name = Products;
			sourceTree = "<group>";
		};
		8E5865982D48F50B003EBFF1 /* SecretMessanger */ = {
			isa = PBXGroup;
			children = (
				8E5865B12D48F760003EBFF1 /* Builder */,
				8E5865A12D48F51E003EBFF1 /* Common */,
				8E5865A02D48F516003EBFF1 /* Module */,
				8E5865902D48F50B003EBFF1 /* Assets.xcassets */,
				8E5865912D48F50B003EBFF1 /* Info.plist */,
				8E5865932D48F50B003EBFF1 /* LaunchScreen.storyboard */,
				8E5865952D48F50B003EBFF1 /* Main.storyboard */,
			);
			path = SecretMessanger;
			sourceTree = "<group>";
		};
		8E5865A02D48F516003EBFF1 /* Module */ = {
			isa = PBXGroup;
			children = (
				8E5865A32D48F548003EBFF1 /* Authentication */,
				8E5865A22D48F544003EBFF1 /* App */,
			);
			path = Module;
			sourceTree = "<group>";
		};
		8E5865A12D48F51E003EBFF1 /* Common */ = {
			isa = PBXGroup;
			children = (
				8E58658F2D48F50B003EBFF1 /* AppDelegate.swift */,
				8E5865962D48F50B003EBFF1 /* SceneDelegate.swift */,
			);
			path = Common;
			sourceTree = "<group>";
		};
		8E5865A22D48F544003EBFF1 /* App */ = {
			isa = PBXGroup;
			children = (
				8E5865A42D48F5C2003EBFF1 /* TabBar */,
			);
			path = App;
			sourceTree = "<group>";
		};
		8E5865A32D48F548003EBFF1 /* Authentication */ = {
			isa = PBXGroup;
			children = (
				8E5865A62D48F5DB003EBFF1 /* RegistrationView */,
				8E5865A52D48F5C9003EBFF1 /* AuthorizationView */,
			);
			path = Authentication;
			sourceTree = "<group>";
		};
		8E5865A42D48F5C2003EBFF1 /* TabBar */ = {
			isa = PBXGroup;
			children = (
			);
			path = TabBar;
			sourceTree = "<group>";
		};
		8E5865A52D48F5C9003EBFF1 /* AuthorizationView */ = {
			isa = PBXGroup;
			children = (
				8E5865A92D48F626003EBFF1 /* Presenter */,
				8E5865A82D48F620003EBFF1 /* Model */,
				8E5865A72D48F61B003EBFF1 /* View */,
			);
			path = AuthorizationView;
			sourceTree = "<group>";
		};
		8E5865A62D48F5DB003EBFF1 /* RegistrationView */ = {
			isa = PBXGroup;
			children = (
				8E5865AC2D48F636003EBFF1 /* Presenter */,
				8E5865AB2D48F632003EBFF1 /* Model */,
				8E5865AA2D48F62D003EBFF1 /* View */,
			);
			path = RegistrationView;
			sourceTree = "<group>";
		};
		8E5865A72D48F61B003EBFF1 /* View */ = {
			isa = PBXGroup;
			children = (
				8E5865AD2D48F65C003EBFF1 /* AuthorizationView.swift */,
			);
			path = View;
			sourceTree = "<group>";
		};
		8E5865A82D48F620003EBFF1 /* Model */ = {
			isa = PBXGroup;
			children = (
			);
			path = Model;
			sourceTree = "<group>";
		};
		8E5865A92D48F626003EBFF1 /* Presenter */ = {
			isa = PBXGroup;
			children = (
				8E5865AF2D48F6AC003EBFF1 /* AuthorizationViewPresenter.swift */,
			);
			path = Presenter;
			sourceTree = "<group>";
		};
		8E5865AA2D48F62D003EBFF1 /* View */ = {
			isa = PBXGroup;
			children = (
			);
			path = View;
			sourceTree = "<group>";
		};
		8E5865AB2D48F632003EBFF1 /* Model */ = {
			isa = PBXGroup;
			children = (
			);
			path = Model;
			sourceTree = "<group>";
		};
		8E5865AC2D48F636003EBFF1 /* Presenter */ = {
			isa = PBXGroup;
			children = (
			);
			path = Presenter;
			sourceTree = "<group>";
		};
		8E5865B12D48F760003EBFF1 /* Builder */ = {
			isa = PBXGroup;
			children = (
				8E5865B22D48F76F003EBFF1 /* Builder.swift */,
			);
			path = Builder;
			sourceTree = "<group>";
		};
/* End PBXGroup section */

/* Begin PBXNativeTarget section */
		8E5865752D48F418003EBFF1 /* SecretMessanger */ = {
			isa = PBXNativeTarget;
			buildConfigurationList = 8E5865892D48F419003EBFF1 /* Build configuration list for PBXNativeTarget "SecretMessanger" */;
			buildPhases = (
				8E5865722D48F418003EBFF1 /* Sources */,
				8E5865732D48F418003EBFF1 /* Frameworks */,
				8E5865742D48F418003EBFF1 /* Resources */,
			);
			buildRules = (
			);
			dependencies = (
			);
			name = SecretMessanger;
			packageProductDependencies = (
			);
			productName = SecretMessanger;
			productReference = 8E5865762D48F418003EBFF1 /* SecretMessanger.app */;
			productType = "com.apple.product-type.application";
		};
/* End PBXNativeTarget section */

/* Begin PBXProject section */
		8E58656E2D48F418003EBFF1 /* Project object */ = {
			isa = PBXProject;
			attributes = {
				BuildIndependentTargetsInParallel = 1;
				LastSwiftUpdateCheck = 1600;
				LastUpgradeCheck = 1600;
				TargetAttributes = {
					8E5865752D48F418003EBFF1 = {
						CreatedOnToolsVersion = 16.0;
					};
				};
			};
			buildConfigurationList = 8E5865712D48F418003EBFF1 /* Build configuration list for PBXProject "SecretMessanger" */;
			developmentRegion = en;
			hasScannedForEncodings = 0;
			knownRegions = (
				en,
				Base,
			);
			mainGroup = 8E58656D2D48F418003EBFF1;
			minimizedProjectReferenceProxies = 1;
			preferredProjectObjectVersion = 77;
			productRefGroup = 8E5865772D48F418003EBFF1 /* Products */;
			projectDirPath = "";
			projectRoot = "";
			targets = (
				8E5865752D48F418003EBFF1 /* SecretMessanger */,
			);
		};
/* End PBXProject section */

/* Begin PBXResourcesBuildPhase section */
		8E5865742D48F418003EBFF1 /* Resources */ = {
			isa = PBXResourcesBuildPhase;
			buildActionMask = 2147483647;
			files = (
				8E5865992D48F50B003EBFF1 /* Assets.xcassets in Resources */,
				8E58659B2D48F50B003EBFF1 /* LaunchScreen.storyboard in Resources */,
				8E58659C2D48F50B003EBFF1 /* Main.storyboard in Resources */,
			);
			runOnlyForDeploymentPostprocessing = 0;
		};
/* End PBXResourcesBuildPhase section */

/* Begin PBXSourcesBuildPhase section */
		8E5865722D48F418003EBFF1 /* Sources */ = {
			isa = PBXSourcesBuildPhase;
			buildActionMask = 2147483647;
			files = (
				8E58659D2D48F50B003EBFF1 /* AppDelegate.swift in Sources */,
				8E58659E2D48F50B003EBFF1 /* SceneDelegate.swift in Sources */,
				8E5865B02D48F6AC003EBFF1 /* AuthorizationViewPresenter.swift in Sources */,
				8E5865AE2D48F65C003EBFF1 /* AuthorizationView.swift in Sources */,
				8E5865B32D48F76F003EBFF1 /* Builder.swift in Sources */,
			);
			runOnlyForDeploymentPostprocessing = 0;
		};
/* End PBXSourcesBuildPhase section */

/* Begin PBXVariantGroup section */
		8E5865932D48F50B003EBFF1 /* LaunchScreen.storyboard */ = {
			isa = PBXVariantGroup;
			children = (
				8E5865922D48F50B003EBFF1 /* Base */,
			);
			name = LaunchScreen.storyboard;
			sourceTree = "<group>";
		};
		8E5865952D48F50B003EBFF1 /* Main.storyboard */ = {
			isa = PBXVariantGroup;
			children = (
				8E5865942D48F50B003EBFF1 /* Base */,
			);
			name = Main.storyboard;
			sourceTree = "<group>";
		};
/* End PBXVariantGroup section */

/* Begin XCBuildConfiguration section */
		8E58658A2D48F419003EBFF1 /* Debug */ = {
			isa = XCBuildConfiguration;
			buildSettings = {
				ASSETCATALOG_COMPILER_APPICON_NAME = AppIcon;
				ASSETCATALOG_COMPILER_GLOBAL_ACCENT_COLOR_NAME = AccentColor;
				CODE_SIGN_STYLE = Automatic;
				CURRENT_PROJECT_VERSION = 1;
				DEVELOPMENT_TEAM = 69JSYK84ZC;
				GENERATE_INFOPLIST_FILE = YES;
				INFOPLIST_FILE = SecretMessanger/Info.plist;
				INFOPLIST_KEY_UIApplicationSupportsIndirectInputEvents = YES;
				INFOPLIST_KEY_UILaunchStoryboardName = LaunchScreen;
				INFOPLIST_KEY_UISupportedInterfaceOrientations_iPad = "UIInterfaceOrientationPortrait UIInterfaceOrientationPortraitUpsideDown UIInterfaceOrientationLandscapeLeft UIInterfaceOrientationLandscapeRight";
				INFOPLIST_KEY_UISupportedInterfaceOrientations_iPhone = "UIInterfaceOrientationPortrait UIInterfaceOrientationLandscapeLeft UIInterfaceOrientationLandscapeRight";
				LD_RUNPATH_SEARCH_PATHS = (
					"$(inherited)",
					"@executable_path/Frameworks",
				);
				MARKETING_VERSION = 1.0;
				PRODUCT_BUNDLE_IDENTIFIER = nzzima.SecretMessanger;
				PRODUCT_NAME = "$(TARGET_NAME)";
				SUPPORTED_PLATFORMS = "iphoneos iphonesimulator";
				SUPPORTS_MACCATALYST = NO;
				SUPPORTS_MAC_DESIGNED_FOR_IPHONE_IPAD = NO;
				SUPPORTS_XR_DESIGNED_FOR_IPHONE_IPAD = NO;
				SWIFT_EMIT_LOC_STRINGS = YES;
				SWIFT_VERSION = 5.0;
				TARGETED_DEVICE_FAMILY = 1;
			};
			name = Debug;
		};
		8E58658B2D48F419003EBFF1 /* Release */ = {
			isa = XCBuildConfiguration;
			buildSettings = {
				ASSETCATALOG_COMPILER_APPICON_NAME = AppIcon;
				ASSETCATALOG_COMPILER_GLOBAL_ACCENT_COLOR_NAME = AccentColor;
				CODE_SIGN_STYLE = Automatic;
				CURRENT_PROJECT_VERSION = 1;
				DEVELOPMENT_TEAM = 69JSYK84ZC;
				GENERATE_INFOPLIST_FILE = YES;
				INFOPLIST_FILE = SecretMessanger/Info.plist;
				INFOPLIST_KEY_UIApplicationSupportsIndirectInputEvents = YES;
				INFOPLIST_KEY_UILaunchStoryboardName = LaunchScreen;
				INFOPLIST_KEY_UISupportedInterfaceOrientations_iPad = "UIInterfaceOrientationPortrait UIInterfaceOrientationPortraitUpsideDown UIInterfaceOrientationLandscapeLeft UIInterfaceOrientationLandscapeRight";
				INFOPLIST_KEY_UISupportedInterfaceOrientations_iPhone = "UIInterfaceOrientationPortrait UIInterfaceOrientationLandscapeLeft UIInterfaceOrientationLandscapeRight";
				LD_RUNPATH_SEARCH_PATHS = (
					"$(inherited)",
					"@executable_path/Frameworks",
				);
				MARKETING_VERSION = 1.0;
				PRODUCT_BUNDLE_IDENTIFIER = nzzima.SecretMessanger;
				PRODUCT_NAME = "$(TARGET_NAME)";
				SUPPORTED_PLATFORMS = "iphoneos iphonesimulator";
				SUPPORTS_MACCATALYST = NO;
				SUPPORTS_MAC_DESIGNED_FOR_IPHONE_IPAD = NO;
				SUPPORTS_XR_DESIGNED_FOR_IPHONE_IPAD = NO;
				SWIFT_EMIT_LOC_STRINGS = YES;
				SWIFT_VERSION = 5.0;
				TARGETED_DEVICE_FAMILY = 1;
			};
			name = Release;
		};
		8E58658C2D48F419003EBFF1 /* Debug */ = {
			isa = XCBuildConfiguration;
			buildSettings = {
				ALWAYS_SEARCH_USER_PATHS = NO;
				ASSETCATALOG_COMPILER_GENERATE_SWIFT_ASSET_SYMBOL_EXTENSIONS = YES;
				CLANG_ANALYZER_NONNULL = YES;
				CLANG_ANALYZER_NUMBER_OBJECT_CONVERSION = YES_AGGRESSIVE;
				CLANG_CXX_LANGUAGE_STANDARD = "gnu++20";
				CLANG_ENABLE_MODULES = YES;
				CLANG_ENABLE_OBJC_ARC = YES;
				CLANG_ENABLE_OBJC_WEAK = YES;
				CLANG_WARN_BLOCK_CAPTURE_AUTORELEASING = YES;
				CLANG_WARN_BOOL_CONVERSION = YES;
				CLANG_WARN_COMMA = YES;
				CLANG_WARN_CONSTANT_CONVERSION = YES;
				CLANG_WARN_DEPRECATED_OBJC_IMPLEMENTATIONS = YES;
				CLANG_WARN_DIRECT_OBJC_ISA_USAGE = YES_ERROR;
				CLANG_WARN_DOCUMENTATION_COMMENTS = YES;
				CLANG_WARN_EMPTY_BODY = YES;
				CLANG_WARN_ENUM_CONVERSION = YES;
				CLANG_WARN_INFINITE_RECURSION = YES;
				CLANG_WARN_INT_CONVERSION = YES;
				CLANG_WARN_NON_LITERAL_NULL_CONVERSION = YES;
				CLANG_WARN_OBJC_IMPLICIT_RETAIN_SELF = YES;
				CLANG_WARN_OBJC_LITERAL_CONVERSION = YES;
				CLANG_WARN_OBJC_ROOT_CLASS = YES_ERROR;
				CLANG_WARN_QUOTED_INCLUDE_IN_FRAMEWORK_HEADER = YES;
				CLANG_WARN_RANGE_LOOP_ANALYSIS = YES;
				CLANG_WARN_STRICT_PROTOTYPES = YES;
				CLANG_WARN_SUSPICIOUS_MOVE = YES;
				CLANG_WARN_UNGUARDED_AVAILABILITY = YES_AGGRESSIVE;
				CLANG_WARN_UNREACHABLE_CODE = YES;
				CLANG_WARN__DUPLICATE_METHOD_MATCH = YES;
				COPY_PHASE_STRIP = NO;
				DEBUG_INFORMATION_FORMAT = dwarf;
				ENABLE_STRICT_OBJC_MSGSEND = YES;
				ENABLE_TESTABILITY = YES;
				ENABLE_USER_SCRIPT_SANDBOXING = YES;
				GCC_C_LANGUAGE_STANDARD = gnu17;
				GCC_DYNAMIC_NO_PIC = NO;
				GCC_NO_COMMON_BLOCKS = YES;
				GCC_OPTIMIZATION_LEVEL = 0;
				GCC_PREPROCESSOR_DEFINITIONS = (
					"DEBUG=1",
					"$(inherited)",
				);
				GCC_WARN_64_TO_32_BIT_CONVERSION = YES;
				GCC_WARN_ABOUT_RETURN_TYPE = YES_ERROR;
				GCC_WARN_UNDECLARED_SELECTOR = YES;
				GCC_WARN_UNINITIALIZED_AUTOS = YES_AGGRESSIVE;
				GCC_WARN_UNUSED_FUNCTION = YES;
				GCC_WARN_UNUSED_VARIABLE = YES;
				IPHONEOS_DEPLOYMENT_TARGET = 18.0;
				LOCALIZATION_PREFERS_STRING_CATALOGS = YES;
				MTL_ENABLE_DEBUG_INFO = INCLUDE_SOURCE;
				MTL_FAST_MATH = YES;
				ONLY_ACTIVE_ARCH = YES;
				SDKROOT = iphoneos;
				SWIFT_ACTIVE_COMPILATION_CONDITIONS = "DEBUG $(inherited)";
				SWIFT_OPTIMIZATION_LEVEL = "-Onone";
			};
			name = Debug;
		};
		8E58658D2D48F419003EBFF1 /* Release */ = {
			isa = XCBuildConfiguration;
			buildSettings = {
				ALWAYS_SEARCH_USER_PATHS = NO;
				ASSETCATALOG_COMPILER_GENERATE_SWIFT_ASSET_SYMBOL_EXTENSIONS = YES;
				CLANG_ANALYZER_NONNULL = YES;
				CLANG_ANALYZER_NUMBER_OBJECT_CONVERSION = YES_AGGRESSIVE;
				CLANG_CXX_LANGUAGE_STANDARD = "gnu++20";
				CLANG_ENABLE_MODULES = YES;
				CLANG_ENABLE_OBJC_ARC = YES;
				CLANG_ENABLE_OBJC_WEAK = YES;
				CLANG_WARN_BLOCK_CAPTURE_AUTORELEASING = YES;
				CLANG_WARN_BOOL_CONVERSION = YES;
				CLANG_WARN_COMMA = YES;
				CLANG_WARN_CONSTANT_CONVERSION = YES;
				CLANG_WARN_DEPRECATED_OBJC_IMPLEMENTATIONS = YES;
				CLANG_WARN_DIRECT_OBJC_ISA_USAGE = YES_ERROR;
				CLANG_WARN_DOCUMENTATION_COMMENTS = YES;
				CLANG_WARN_EMPTY_BODY = YES;
				CLANG_WARN_ENUM_CONVERSION = YES;
				CLANG_WARN_INFINITE_RECURSION = YES;
				CLANG_WARN_INT_CONVERSION = YES;
				CLANG_WARN_NON_LITERAL_NULL_CONVERSION = YES;
				CLANG_WARN_OBJC_IMPLICIT_RETAIN_SELF = YES;
				CLANG_WARN_OBJC_LITERAL_CONVERSION = YES;
				CLANG_WARN_OBJC_ROOT_CLASS = YES_ERROR;
				CLANG_WARN_QUOTED_INCLUDE_IN_FRAMEWORK_HEADER = YES;
				CLANG_WARN_RANGE_LOOP_ANALYSIS = YES;
				CLANG_WARN_STRICT_PROTOTYPES = YES;
				CLANG_WARN_SUSPICIOUS_MOVE = YES;
				CLANG_WARN_UNGUARDED_AVAILABILITY = YES_AGGRESSIVE;
				CLANG_WARN_UNREACHABLE_CODE = YES;
				CLANG_WARN__DUPLICATE_METHOD_MATCH = YES;
				COPY_PHASE_STRIP = NO;
				DEBUG_INFORMATION_FORMAT = "dwarf-with-dsym";
				ENABLE_NS_ASSERTIONS = NO;
				ENABLE_STRICT_OBJC_MSGSEND = YES;
				ENABLE_USER_SCRIPT_SANDBOXING = YES;
				GCC_C_LANGUAGE_STANDARD = gnu17;
				GCC_NO_COMMON_BLOCKS = YES;
				GCC_WARN_64_TO_32_BIT_CONVERSION = YES;
				GCC_WARN_ABOUT_RETURN_TYPE = YES_ERROR;
				GCC_WARN_UNDECLARED_SELECTOR = YES;
				GCC_WARN_UNINITIALIZED_AUTOS = YES_AGGRESSIVE;
				GCC_WARN_UNUSED_FUNCTION = YES;
				GCC_WARN_UNUSED_VARIABLE = YES;
				IPHONEOS_DEPLOYMENT_TARGET = 18.0;
				LOCALIZATION_PREFERS_STRING_CATALOGS = YES;
				MTL_ENABLE_DEBUG_INFO = NO;
				MTL_FAST_MATH = YES;
				SDKROOT = iphoneos;
				SWIFT_COMPILATION_MODE = wholemodule;
				VALIDATE_PRODUCT = YES;
			};
			name = Release;
		};
/* End XCBuildConfiguration section */

/* Begin XCConfigurationList section */
		8E5865712D48F418003EBFF1 /* Build configuration list for PBXProject "SecretMessanger" */ = {
			isa = XCConfigurationList;
			buildConfigurations = (
				8E58658C2D48F419003EBFF1 /* Debug */,
				8E58658D2D48F419003EBFF1 /* Release */,
			);
			defaultConfigurationIsVisible = 0;
			defaultConfigurationName = Release;
		};
		8E5865892D48F419003EBFF1 /* Build configuration list for PBXNativeTarget "SecretMessanger" */ = {
			isa = XCConfigurationList;
			buildConfigurations = (
				8E58658A2D48F419003EBFF1 /* Debug */,
				8E58658B2D48F419003EBFF1 /* Release */,
			);
			defaultConfigurationIsVisible = 0;
			defaultConfigurationName = Release;
		};
/* End XCConfigurationList section */
	};
	rootObject = 8E58656E2D48F418003EBFF1 /* Project object */;
}
